{
  "name": "5.8",
  "lockfileVersion": 3,
  "requires": true,
  "packages": {
    "": {
      "dependencies": {
        "types-registry": "^0.1.717"
      }
    },
    "node_modules/types-registry": {
      "version": "0.1.717",
      "resolved": "https://registry.npmjs.org/types-registry/-/types-registry-0.1.717.tgz",
      "integrity": "sha512-K5cdknzNVoimtpmNioY8PyQda9U6/H8ojA69Vcv8i03ovUfMii+4lAnkuI0sY9Haeh/qA49YTFwTkV7EJQU3Dw=="
    }
  }
}
